
Microsoft Visual Studio Solution File, Format Version 12.00
# Visual Studio Version 17
VisualStudioVersion = 17.5.33424.131
MinimumVisualStudioVersion = 10.0.40219.1
Project("{2150E333-8FDC-42A3-9474-1A3956D46DE8}") = "src", "src", "{22921A1B-1209-417F-9793-61218869F0C5}"
EndProject
Project("{2150E333-8FDC-42A3-9474-1A3956D46DE8}") = "tests", "tests", "{F9EEF1E9-1754-4FC3-A005-498D30468073}"
EndProject
Project("{9A19103F-16F7-4668-BE54-9A1E7A4F7556}") = "SocialMediaClean.APPLICATION", "src\SocialMediaClean.APPLICATION\SocialMediaClean.APPLICATION.csproj", "{700C05E5-A8CD-4822-8833-55D2457F4CCF}"
EndProject
Project("{9A19103F-16F7-4668-BE54-9A1E7A4F7556}") = "SocialMediaClean.UnitTests", "tests\SocialMediaClean.UnitTests\SocialMediaClean.UnitTests.csproj", "{CF09CA98-A267-4CC6-95C1-8C7829AEAD63}"
EndProject
Project("{9A19103F-16F7-4668-BE54-9A1E7A4F7556}") = "SocialMediaClean.IntegrationTests", "tests\SocialMediaClean.IntegrationTests\SocialMediaClean.IntegrationTests.csproj", "{42048469-D625-4279-BB27-25BC98CFDA85}"
EndProject
Project("{9A19103F-16F7-4668-BE54-9A1E7A4F7556}") = "SocialMediaClean.API", "src\SocialMediaClean.API\SocialMediaClean.API.csproj", "{512950F4-4A3B-482A-8935-18AEF5371021}"
EndProject
Project("{9A19103F-16F7-4668-BE54-9A1E7A4F7556}") = "SocialMediaClean.DOMAIN", "src\SocialMediaClean.DOMAIN\SocialMediaClean.DOMAIN.csproj", "{99F40465-050E-441F-8061-E7599269511D}"
EndProject
Project("{9A19103F-16F7-4668-BE54-9A1E7A4F7556}") = "SocialMediaClean.INFRASTRUCTURE", "src\SocialMediaClean.INFRASTRUCTURE\SocialMediaClean.INFRASTRUCTURE.csproj", "{0C56B74F-5722-4500-8434-42EEEECECF52}"
EndProject
Project("{FAE04EC0-301F-11D3-BF4B-00C04F79EFBC}") = "SocialMediaClean.PERSISTANCE", "src\SocialMediaClean.PERSISTANCE\SocialMediaClean.PERSISTANCE.csproj", "{6DAB61CD-DECC-4064-B548-6C8316BB63FE}"
EndProject
Global
	GlobalSection(SolutionConfigurationPlatforms) = preSolution
		Debug|Any CPU = Debug|Any CPU
		Release|Any CPU = Release|Any CPU
	EndGlobalSection
	GlobalSection(ProjectConfigurationPlatforms) = postSolution
		{700C05E5-A8CD-4822-8833-55D2457F4CCF}.Debug|Any CPU.ActiveCfg = Debug|Any CPU
		{700C05E5-A8CD-4822-8833-55D2457F4CCF}.Debug|Any CPU.Build.0 = Debug|Any CPU
		{700C05E5-A8CD-4822-8833-55D2457F4CCF}.Release|Any CPU.ActiveCfg = Release|Any CPU
		{700C05E5-A8CD-4822-8833-55D2457F4CCF}.Release|Any CPU.Build.0 = Release|Any CPU
		{CF09CA98-A267-4CC6-95C1-8C7829AEAD63}.Debug|Any CPU.ActiveCfg = Debug|Any CPU
		{CF09CA98-A267-4CC6-95C1-8C7829AEAD63}.Debug|Any CPU.Build.0 = Debug|Any CPU
		{CF09CA98-A267-4CC6-95C1-8C7829AEAD63}.Release|Any CPU.ActiveCfg = Release|Any CPU
		{CF09CA98-A267-4CC6-95C1-8C7829AEAD63}.Release|Any CPU.Build.0 = Release|Any CPU
		{42048469-D625-4279-BB27-25BC98CFDA85}.Debug|Any CPU.ActiveCfg = Debug|Any CPU
		{42048469-D625-4279-BB27-25BC98CFDA85}.Debug|Any CPU.Build.0 = Debug|Any CPU
		{42048469-D625-4279-BB27-25BC98CFDA85}.Release|Any CPU.ActiveCfg = Release|Any CPU
		{42048469-D625-4279-BB27-25BC98CFDA85}.Release|Any CPU.Build.0 = Release|Any CPU
		{512950F4-4A3B-482A-8935-18AEF5371021}.Debug|Any CPU.ActiveCfg = Debug|Any CPU
		{512950F4-4A3B-482A-8935-18AEF5371021}.Debug|Any CPU.Build.0 = Debug|Any CPU
		{512950F4-4A3B-482A-8935-18AEF5371021}.Release|Any CPU.ActiveCfg = Release|Any CPU
		{512950F4-4A3B-482A-8935-18AEF5371021}.Release|Any CPU.Build.0 = Release|Any CPU
		{99F40465-050E-441F-8061-E7599269511D}.Debug|Any CPU.ActiveCfg = Debug|Any CPU
		{99F40465-050E-441F-8061-E7599269511D}.Debug|Any CPU.Build.0 = Debug|Any CPU
		{99F40465-050E-441F-8061-E7599269511D}.Release|Any CPU.ActiveCfg = Release|Any CPU
		{99F40465-050E-441F-8061-E7599269511D}.Release|Any CPU.Build.0 = Release|Any CPU
		{0C56B74F-5722-4500-8434-42EEEECECF52}.Debug|Any CPU.ActiveCfg = Debug|Any CPU
		{0C56B74F-5722-4500-8434-42EEEECECF52}.Debug|Any CPU.Build.0 = Debug|Any CPU
		{0C56B74F-5722-4500-8434-42EEEECECF52}.Release|Any CPU.ActiveCfg = Release|Any CPU
		{0C56B74F-5722-4500-8434-42EEEECECF52}.Release|Any CPU.Build.0 = Release|Any CPU
		{6DAB61CD-DECC-4064-B548-6C8316BB63FE}.Debug|Any CPU.ActiveCfg = Debug|Any CPU
		{6DAB61CD-DECC-4064-B548-6C8316BB63FE}.Debug|Any CPU.Build.0 = Debug|Any CPU
		{6DAB61CD-DECC-4064-B548-6C8316BB63FE}.Release|Any CPU.ActiveCfg = Release|Any CPU
		{6DAB61CD-DECC-4064-B548-6C8316BB63FE}.Release|Any CPU.Build.0 = Release|Any CPU
	EndGlobalSection
	GlobalSection(SolutionProperties) = preSolution
		HideSolutionNode = FALSE
	EndGlobalSection
	GlobalSection(NestedProjects) = preSolution
		{700C05E5-A8CD-4822-8833-55D2457F4CCF} = {22921A1B-1209-417F-9793-61218869F0C5}
		{CF09CA98-A267-4CC6-95C1-8C7829AEAD63} = {F9EEF1E9-1754-4FC3-A005-498D30468073}
		{42048469-D625-4279-BB27-25BC98CFDA85} = {F9EEF1E9-1754-4FC3-A005-498D30468073}
		{512950F4-4A3B-482A-8935-18AEF5371021} = {22921A1B-1209-417F-9793-61218869F0C5}
		{99F40465-050E-441F-8061-E7599269511D} = {22921A1B-1209-417F-9793-61218869F0C5}
		{0C56B74F-5722-4500-8434-42EEEECECF52} = {22921A1B-1209-417F-9793-61218869F0C5}
		{6DAB61CD-DECC-4064-B548-6C8316BB63FE} = {22921A1B-1209-417F-9793-61218869F0C5}
	EndGlobalSection
	GlobalSection(ExtensibilityGlobals) = postSolution
		SolutionGuid = {E074E113-4156-48EF-B14E-5883342369FD}
	EndGlobalSection
EndGlobal
